PODS:
  - CVCalendar (1.2.9)
  - Firebase (3.3.0):
    - Firebase/Core (= 3.3.0)
  - Firebase/Analytics (3.3.0):
    - FirebaseAnalytics (= 3.2.1)
  - Firebase/Auth (3.3.0):
    - Firebase/Analytics (= 3.3.0)
    - FirebaseAuth (= 3.0.3)
  - Firebase/Core (3.3.0):
    - Firebase/Analytics (= 3.3.0)
  - FirebaseAnalytics (3.2.1):
    - FirebaseInstanceID (~> 1.0)
    - GoogleInterchangeUtilities (~> 1.2)
    - GoogleSymbolUtilities (~> 1.1)
    - GoogleUtilities (~> 1.3)
  - FirebaseAuth (3.0.3):
    - FirebaseAnalytics (~> 3.2)
    - GoogleNetworkingUtilities (~> 1.2)
    - GoogleParsingUtilities (~> 1.1)
    - GoogleUtilities (~> 1.3)
  - FirebaseInstanceID (1.0.7)
  - Google/Core (3.0.3):
    - FirebaseAnalytics (~> 3.2)
  - Google/SignIn (3.0.3):
    - Google/Core
    - GoogleSignIn (~> 4.0)
  - GoogleAPIClient/Calendar (1.0.4):
    - GoogleAPIClient/Core
    - GTMSessionFetcher (~> 1.1)
  - GoogleAPIClient/Core (1.0.4):
    - GTMSessionFetcher (~> 1.1)
  - GoogleAppUtilities (1.1.1):
    - GoogleSymbolUtilities (~> 1.0)
  - GoogleAuthUtilities (2.0.1):
    - GoogleNetworkingUtilities (~> 1.0)
    - GoogleSymbolUtilities (~> 1.0)
  - GoogleInterchangeUtilities (1.2.1):
    - GoogleSymbolUtilities (~> 1.0)
  - GoogleNetworkingUtilities (1.2.1):
    - GoogleSymbolUtilities (~> 1.0)
  - GoogleParsingUtilities (1.1.1):
    - GoogleNetworkingUtilities (~> 1.0)
    - GoogleSymbolUtilities (~> 1.0)
  - GoogleSignIn (4.0.0):
    - GoogleAppUtilities (~> 1.1)
    - GoogleAuthUtilities (~> 2.0)
    - GoogleNetworkingUtilities (~> 1.2)
    - GoogleUtilities (~> 1.3)
  - GoogleSymbolUtilities (1.1.1)
  - GoogleUtilities (1.3.1):
    - GoogleSymbolUtilities (~> 1.0)
  - GTMOAuth2 (1.1.1):
    - GTMSessionFetcher (~> 1.1)
  - GTMSessionFetcher (1.1.4):
    - GTMSessionFetcher/Full (= 1.1.4)
  - GTMSessionFetcher/Core (1.1.4)
  - GTMSessionFetcher/Full (1.1.4):
    - GTMSessionFetcher/Core (= 1.1.4)

DEPENDENCIES:
  - CVCalendar (~> 1.2.9)
  - Firebase
  - Firebase/Auth
  - Google/SignIn
  - GoogleAPIClient/Calendar (~> 1.0.2)
  - GTMOAuth2 (~> 1.1.0)

SPEC CHECKSUMS:
  CVCalendar: 0799256e0bc3b43e83b7e86c0729ce9ff0624cb6
  Firebase: 6250071f0e2440a5c4c67b8cb6b868f868237ac3
  FirebaseAnalytics: 0fd6532cb2c3d03cd5cf26ad295ccb091efd3104
  FirebaseAuth: 5efddc3fae47042b73585f083f956462be4f5b8e
  FirebaseInstanceID: a9d923f3d0b6fbf9fac89310860357aaadc34be5
  Google: 813c467362eabc11385f5a5cc9ad0cb651a58f4e
  GoogleAPIClient: 4dedb6af613eb7d171814c343f8a82ee5411e13b
  GoogleAppUtilities: f1730f91f67767b453c289577040dd3f425ffdc7
  GoogleAuthUtilities: d7a19615cd7627688afcf181737f1011ee8b5a23
  GoogleInterchangeUtilities: def8415a862effc67d549d5b5b0b9c7a2f97d4de
  GoogleNetworkingUtilities: 3e83269048cfb498dc7ec83ab36813360965c74f
  GoogleParsingUtilities: 30b3896f9ee167dc78747f013d3de157ced1cadf
  GoogleSignIn: 09036ed61f8e75f1424100d63f7719480b2428c3
  GoogleSymbolUtilities: 33117db1b5f290c6fbf259585e4885b4c84b98d7
  GoogleUtilities: 56c5ac05b7aa5dc417a1bb85221a9516e04d7032
  GTMOAuth2: bdb12f3e0d2110bfe585f6151230b883beb4d042
  GTMSessionFetcher: 174bc61d5238f81f9ddb807b0b0170420f67de85

PODFILE CHECKSUM: 25a78eb9f08c5c2b372cdf69fec4f58cffe4fa97

COCOAPODS: 1.0.1
